
Microsoft Visual Studio Solution File, Format Version 12.00
# Visual Studio Version 16
VisualStudioVersion = 16.0.34301.259
MinimumVisualStudioVersion = 10.0.40219.1
Project("{FAE04EC0-301F-11D3-BF4B-00C04F79EFBC}") = "SimpleExpenses", "SimpleExpenses\SimpleExpenses.csproj", "{7D5FAAC9-DB31-4785-A4B3-63CC0DBA2154}"
EndProject
Global
	GlobalSection(SolutionConfigurationPlatforms) = preSolution
		Debug|Any CPU = Debug|Any CPU
		Release|Any CPU = Release|Any CPU
	EndGlobalSection
	GlobalSection(ProjectConfigurationPlatforms) = postSolution
		{7D5FAAC9-DB31-4785-A4B3-63CC0DBA2154}.Debug|Any CPU.ActiveCfg = Debug|Any CPU
		{7D5FAAC9-DB31-4785-A4B3-63CC0DBA2154}.Debug|Any CPU.Build.0 = Debug|Any CPU
		{7D5FAAC9-DB31-4785-A4B3-63CC0DBA2154}.Release|Any CPU.ActiveCfg = Release|Any CPU
		{7D5FAAC9-DB31-4785-A4B3-63CC0DBA2154}.Release|Any CPU.Build.0 = Release|Any CPU
	EndGlobalSection
	GlobalSection(SolutionProperties) = preSolution
		HideSolutionNode = FALSE
	EndGlobalSection
	GlobalSection(ExtensibilityGlobals) = postSolution
		SolutionGuid = {4F23661A-E2FA-4AB6-85D2-05110CE167DD}
	EndGlobalSection
EndGlobal
